// !$*UTF8*$!
{
	archiveVersion = 1;
	classes = {
	};
	objectVersion = 48;
	objects = {

/* Begin PBXBuildFile section */
		6038FCD1206D0DCC000E78B9 /* AppDelegate.swift in Sources */ = {isa = PBXBuildFile; fileRef = 6038FCD0206D0DCC000E78B9 /* AppDelegate.swift */; };
		6038FCD3206D0DCC000E78B9 /* TvShowListViewController.swift in Sources */ = {isa = PBXBuildFile; fileRef = 6038FCD2206D0DCC000E78B9 /* TvShowListViewController.swift */; };
		6038FCD6206D0DCC000E78B9 /* Main.storyboard in Resources */ = {isa = PBXBuildFile; fileRef = 6038FCD4206D0DCC000E78B9 /* Main.storyboard */; };
		6038FCD8206D0DCC000E78B9 /* Assets.xcassets in Resources */ = {isa = PBXBuildFile; fileRef = 6038FCD7206D0DCC000E78B9 /* Assets.xcassets */; };
		6038FCDB206D0DCC000E78B9 /* LaunchScreen.storyboard in Resources */ = {isa = PBXBuildFile; fileRef = 6038FCD9206D0DCC000E78B9 /* LaunchScreen.storyboard */; };
		6038FCE6206D0DCD000E78B9 /* Eindopdracht_MBD2Tests.swift in Sources */ = {isa = PBXBuildFile; fileRef = 6038FCE5206D0DCD000E78B9 /* Eindopdracht_MBD2Tests.swift */; };
		6038FCF1206D0DCD000E78B9 /* Eindopdracht_MBD2UITests.swift in Sources */ = {isa = PBXBuildFile; fileRef = 6038FCF0206D0DCD000E78B9 /* Eindopdracht_MBD2UITests.swift */; };
		6038FD03206D20C7000E78B9 /* TvShow.swift in Sources */ = {isa = PBXBuildFile; fileRef = 6038FD02206D20C7000E78B9 /* TvShow.swift */; };
		6038FD05206D3928000E78B9 /* TvShowDetailViewController.swift in Sources */ = {isa = PBXBuildFile; fileRef = 6038FD04206D3928000E78B9 /* TvShowDetailViewController.swift */; };
		604F53592073BD60000CCAD4 /* ColorUIViewController.swift in Sources */ = {isa = PBXBuildFile; fileRef = 604F53582073BD60000CCAD4 /* ColorUIViewController.swift */; };
		60F992E42073B50C0097863C /* SettingsViewController.swift in Sources */ = {isa = PBXBuildFile; fileRef = 60F992E32073B50C0097863C /* SettingsViewController.swift */; };
/* End PBXBuildFile section */

/* Begin PBXContainerItemProxy section */
		6038FCE2206D0DCD000E78B9 /* PBXContainerItemProxy */ = {
			isa = PBXContainerItemProxy;
			containerPortal = 6038FCC5206D0DCC000E78B9 /* Project object */;
			proxyType = 1;
			remoteGlobalIDString = 6038FCCC206D0DCC000E78B9;
			remoteInfo = "Eindopdracht-MBD2";
		};
		6038FCED206D0DCD000E78B9 /* PBXContainerItemProxy */ = {
			isa = PBXContainerItemProxy;
			containerPortal = 6038FCC5206D0DCC000E78B9 /* Project object */;
			proxyType = 1;
			remoteGlobalIDString = 6038FCCC206D0DCC000E78B9;
			remoteInfo = "Eindopdracht-MBD2";
		};
/* End PBXContainerItemProxy section */

/* Begin PBXFileReference section */
		6038FCCD206D0DCC000E78B9 /* Eindopdracht-MBD2.app */ = {isa = PBXFileReference; explicitFileType = wrapper.application; includeInIndex = 0; path = "Eindopdracht-MBD2.app"; sourceTree = BUILT_PRODUCTS_DIR; };
		6038FCD0206D0DCC000E78B9 /* AppDelegate.swift */ = {isa = PBXFileReference; lastKnownFileType = sourcecode.swift; path = AppDelegate.swift; sourceTree = "<group>"; };
		6038FCD2206D0DCC000E78B9 /* TvShowListViewController.swift */ = {isa = PBXFileReference; lastKnownFileType = sourcecode.swift; path = TvShowListViewController.swift; sourceTree = "<group>"; };
		6038FCD5206D0DCC000E78B9 /* Base */ = {isa = PBXFileReference; lastKnownFileType = file.storyboard; name = Base; path = Base.lproj/Main.storyboard; sourceTree = "<group>"; };
		6038FCD7206D0DCC000E78B9 /* Assets.xcassets */ = {isa = PBXFileReference; lastKnownFileType = folder.assetcatalog; path = Assets.xcassets; sourceTree = "<group>"; };
		6038FCDA206D0DCC000E78B9 /* Base */ = {isa = PBXFileReference; lastKnownFileType = file.storyboard; name = Base; path = Base.lproj/LaunchScreen.storyboard; sourceTree = "<group>"; };
		6038FCDC206D0DCC000E78B9 /* Info.plist */ = {isa = PBXFileReference; lastKnownFileType = text.plist.xml; path = Info.plist; sourceTree = "<group>"; };
		6038FCE1206D0DCC000E78B9 /* Eindopdracht-MBD2Tests.xctest */ = {isa = PBXFileReference; explicitFileType = wrapper.cfbundle; includeInIndex = 0; path = "Eindopdracht-MBD2Tests.xctest"; sourceTree = BUILT_PRODUCTS_DIR; };
		6038FCE5206D0DCD000E78B9 /* Eindopdracht_MBD2Tests.swift */ = {isa = PBXFileReference; lastKnownFileType = sourcecode.swift; path = Eindopdracht_MBD2Tests.swift; sourceTree = "<group>"; };
		6038FCE7206D0DCD000E78B9 /* Info.plist */ = {isa = PBXFileReference; lastKnownFileType = text.plist.xml; path = Info.plist; sourceTree = "<group>"; };
		6038FCEC206D0DCD000E78B9 /* Eindopdracht-MBD2UITests.xctest */ = {isa = PBXFileReference; explicitFileType = wrapper.cfbundle; includeInIndex = 0; path = "Eindopdracht-MBD2UITests.xctest"; sourceTree = BUILT_PRODUCTS_DIR; };
		6038FCF0206D0DCD000E78B9 /* Eindopdracht_MBD2UITests.swift */ = {isa = PBXFileReference; lastKnownFileType = sourcecode.swift; path = Eindopdracht_MBD2UITests.swift; sourceTree = "<group>"; };
		6038FCF2206D0DCD000E78B9 /* Info.plist */ = {isa = PBXFileReference; lastKnownFileType = text.plist.xml; path = Info.plist; sourceTree = "<group>"; };
		6038FD02206D20C7000E78B9 /* TvShow.swift */ = {isa = PBXFileReference; lastKnownFileType = sourcecode.swift; path = TvShow.swift; sourceTree = "<group>"; };
		6038FD04206D3928000E78B9 /* TvShowDetailViewController.swift */ = {isa = PBXFileReference; lastKnownFileType = sourcecode.swift; path = TvShowDetailViewController.swift; sourceTree = "<group>"; };
		604F53582073BD60000CCAD4 /* ColorUIViewController.swift */ = {isa = PBXFileReference; lastKnownFileType = sourcecode.swift; path = ColorUIViewController.swift; sourceTree = "<group>"; };
		60F992E32073B50C0097863C /* SettingsViewController.swift */ = {isa = PBXFileReference; lastKnownFileType = sourcecode.swift; name = SettingsViewController.swift; path = "Eindopdracht-MBD2/Application/Main/Settings/SettingsViewController.swift"; sourceTree = SOURCE_ROOT; };
/* End PBXFileReference section */

/* Begin PBXFrameworksBuildPhase section */
		6038FCCA206D0DCC000E78B9 /* Frameworks */ = {
			isa = PBXFrameworksBuildPhase;
			buildActionMask = 2147483647;
			files = (
			);
			runOnlyForDeploymentPostprocessing = 0;
		};
		6038FCDE206D0DCC000E78B9 /* Frameworks */ = {
			isa = PBXFrameworksBuildPhase;
			buildActionMask = 2147483647;
			files = (
			);
			runOnlyForDeploymentPostprocessing = 0;
		};
		6038FCE9206D0DCD000E78B9 /* Frameworks */ = {
			isa = PBXFrameworksBuildPhase;
			buildActionMask = 2147483647;
			files = (
			);
			runOnlyForDeploymentPostprocessing = 0;
		};
/* End PBXFrameworksBuildPhase section */

/* Begin PBXGroup section */
		6038FCC4206D0DCC000E78B9 = {
			isa = PBXGroup;
			children = (
				6038FCCF206D0DCC000E78B9 /* Eindopdracht-MBD2 */,
				6038FCE4206D0DCD000E78B9 /* Eindopdracht-MBD2Tests */,
				6038FCEF206D0DCD000E78B9 /* Eindopdracht-MBD2UITests */,
				6038FCCE206D0DCC000E78B9 /* Products */,
			);
			sourceTree = "<group>";
		};
		6038FCCE206D0DCC000E78B9 /* Products */ = {
			isa = PBXGroup;
			children = (
				6038FCCD206D0DCC000E78B9 /* Eindopdracht-MBD2.app */,
				6038FCE1206D0DCC000E78B9 /* Eindopdracht-MBD2Tests.xctest */,
				6038FCEC206D0DCD000E78B9 /* Eindopdracht-MBD2UITests.xctest */,
			);
			name = Products;
			sourceTree = "<group>";
		};
		6038FCCF206D0DCC000E78B9 /* Eindopdracht-MBD2 */ = {
			isa = PBXGroup;
			children = (
				6038FCFF206D18ED000E78B9 /* Application */,
				6038FCFE206D18D0000E78B9 /* Models */,
				6038FCD7206D0DCC000E78B9 /* Assets.xcassets */,
				6038FCD9206D0DCC000E78B9 /* LaunchScreen.storyboard */,
				6038FCDC206D0DCC000E78B9 /* Info.plist */,
			);
			path = "Eindopdracht-MBD2";
			sourceTree = "<group>";
		};
		6038FCE4206D0DCD000E78B9 /* Eindopdracht-MBD2Tests */ = {
			isa = PBXGroup;
			children = (
				6038FCE5206D0DCD000E78B9 /* Eindopdracht_MBD2Tests.swift */,
				6038FCE7206D0DCD000E78B9 /* Info.plist */,
			);
			path = "Eindopdracht-MBD2Tests";
			sourceTree = "<group>";
		};
		6038FCEF206D0DCD000E78B9 /* Eindopdracht-MBD2UITests */ = {
			isa = PBXGroup;
			children = (
				6038FCF0206D0DCD000E78B9 /* Eindopdracht_MBD2UITests.swift */,
				6038FCF2206D0DCD000E78B9 /* Info.plist */,
			);
			path = "Eindopdracht-MBD2UITests";
			sourceTree = "<group>";
		};
		6038FCFE206D18D0000E78B9 /* Models */ = {
			isa = PBXGroup;
			children = (
				6038FD02206D20C7000E78B9 /* TvShow.swift */,
			);
			path = Models;
			sourceTree = "<group>";
		};
		6038FCFF206D18ED000E78B9 /* Application */ = {
			isa = PBXGroup;
			children = (
				60F992E52073B51A0097863C /* Settings */,
				6038FD01206D1958000E78B9 /* TvShows */,
				6038FD00206D193E000E78B9 /* Main */,
			);
			path = Application;
			sourceTree = "<group>";
		};
		6038FD00206D193E000E78B9 /* Main */ = {
			isa = PBXGroup;
			children = (
				6038FCD0206D0DCC000E78B9 /* AppDelegate.swift */,
				6038FCD4206D0DCC000E78B9 /* Main.storyboard */,
				604F53582073BD60000CCAD4 /* ColorUIViewController.swift */,
			);
			path = Main;
			sourceTree = "<group>";
		};
		6038FD01206D1958000E78B9 /* TvShows */ = {
			isa = PBXGroup;
			children = (
				6038FCD2206D0DCC000E78B9 /* TvShowListViewController.swift */,
				6038FD04206D3928000E78B9 /* TvShowDetailViewController.swift */,
			);
			path = TvShows;
			sourceTree = "<group>";
		};
		60F992E52073B51A0097863C /* Settings */ = {
			isa = PBXGroup;
			children = (
				60F992E32073B50C0097863C /* SettingsViewController.swift */,
			);
			name = Settings;
			path = Main/Settings;
			sourceTree = "<group>";
		};
/* End PBXGroup section */

/* Begin PBXNativeTarget section */
		6038FCCC206D0DCC000E78B9 /* Eindopdracht-MBD2 */ = {
			isa = PBXNativeTarget;
			buildConfigurationList = 6038FCF5206D0DCD000E78B9 /* Build configuration list for PBXNativeTarget "Eindopdracht-MBD2" */;
			buildPhases = (
				6038FCC9206D0DCC000E78B9 /* Sources */,
				6038FCCA206D0DCC000E78B9 /* Frameworks */,
				6038FCCB206D0DCC000E78B9 /* Resources */,
			);
			buildRules = (
			);
			dependencies = (
			);
			name = "Eindopdracht-MBD2";
			productName = "Eindopdracht-MBD2";
			productReference = 6038FCCD206D0DCC000E78B9 /* Eindopdracht-MBD2.app */;
			productType = "com.apple.product-type.application";
		};
		6038FCE0206D0DCC000E78B9 /* Eindopdracht-MBD2Tests */ = {
			isa = PBXNativeTarget;
			buildConfigurationList = 6038FCF8206D0DCD000E78B9 /* Build configuration list for PBXNativeTarget "Eindopdracht-MBD2Tests" */;
			buildPhases = (
				6038FCDD206D0DCC000E78B9 /* Sources */,
				6038FCDE206D0DCC000E78B9 /* Frameworks */,
				6038FCDF206D0DCC000E78B9 /* Resources */,
			);
			buildRules = (
			);
			dependencies = (
				6038FCE3206D0DCD000E78B9 /* PBXTargetDependency */,
			);
			name = "Eindopdracht-MBD2Tests";
			productName = "Eindopdracht-MBD2Tests";
			productReference = 6038FCE1206D0DCC000E78B9 /* Eindopdracht-MBD2Tests.xctest */;
			productType = "com.apple.product-type.bundle.unit-test";
		};
		6038FCEB206D0DCD000E78B9 /* Eindopdracht-MBD2UITests */ = {
			isa = PBXNativeTarget;
			buildConfigurationList = 6038FCFB206D0DCD000E78B9 /* Build configuration list for PBXNativeTarget "Eindopdracht-MBD2UITests" */;
			buildPhases = (
				6038FCE8206D0DCD000E78B9 /* Sources */,
				6038FCE9206D0DCD000E78B9 /* Frameworks */,
				6038FCEA206D0DCD000E78B9 /* Resources */,
			);
			buildRules = (
			);
			dependencies = (
				6038FCEE206D0DCD000E78B9 /* PBXTargetDependency */,
			);
			name = "Eindopdracht-MBD2UITests";
			productName = "Eindopdracht-MBD2UITests";
			productReference = 6038FCEC206D0DCD000E78B9 /* Eindopdracht-MBD2UITests.xctest */;
			productType = "com.apple.product-type.bundle.ui-testing";
		};
/* End PBXNativeTarget section */

/* Begin PBXProject section */
		6038FCC5206D0DCC000E78B9 /* Project object */ = {
			isa = PBXProject;
			attributes = {
				LastSwiftUpdateCheck = 0920;
				LastUpgradeCheck = 0920;
				ORGANIZATIONNAME = "Jelle den Burger";
				TargetAttributes = {
					6038FCCC206D0DCC000E78B9 = {
						CreatedOnToolsVersion = 9.2;
						ProvisioningStyle = Automatic;
					};
					6038FCE0206D0DCC000E78B9 = {
						CreatedOnToolsVersion = 9.2;
						ProvisioningStyle = Automatic;
						TestTargetID = 6038FCCC206D0DCC000E78B9;
					};
					6038FCEB206D0DCD000E78B9 = {
						CreatedOnToolsVersion = 9.2;
						ProvisioningStyle = Automatic;
						TestTargetID = 6038FCCC206D0DCC000E78B9;
					};
				};
			};
			buildConfigurationList = 6038FCC8206D0DCC000E78B9 /* Build configuration list for PBXProject "Eindopdracht-MBD2" */;
			compatibilityVersion = "Xcode 8.0";
			developmentRegion = en;
			hasScannedForEncodings = 0;
			knownRegions = (
				en,
				Base,
			);
			mainGroup = 6038FCC4206D0DCC000E78B9;
			productRefGroup = 6038FCCE206D0DCC000E78B9 /* Products */;
			projectDirPath = "";
			projectRoot = "";
			targets = (
				6038FCCC206D0DCC000E78B9 /* Eindopdracht-MBD2 */,
				6038FCE0206D0DCC000E78B9 /* Eindopdracht-MBD2Tests */,
				6038FCEB206D0DCD000E78B9 /* Eindopdracht-MBD2UITests */,
			);
		};
/* End PBXProject section */

/* Begin PBXResourcesBuildPhase section */
		6038FCCB206D0DCC000E78B9 /* Resources */ = {
			isa = PBXResourcesBuildPhase;
			buildActionMask = 2147483647;
			files = (
				6038FCDB206D0DCC000E78B9 /* LaunchScreen.storyboard in Resources */,
				6038FCD8206D0DCC000E78B9 /* Assets.xcassets in Resources */,
				6038FCD6206D0DCC000E78B9 /* Main.storyboard in Resources */,
			);
			runOnlyForDeploymentPostprocessing = 0;
		};
		6038FCDF206D0DCC000E78B9 /* Resources */ = {
			isa = PBXResourcesBuildPhase;
			buildActionMask = 2147483647;
			files = (
			);
			runOnlyForDeploymentPostprocessing = 0;
		};
		6038FCEA206D0DCD000E78B9 /* Resources */ = {
			isa = PBXResourcesBuildPhase;
			buildActionMask = 2147483647;
			files = (
			);
			runOnlyForDeploymentPostprocessing = 0;
		};
/* End PBXResourcesBuildPhase section */

/* Begin PBXSourcesBuildPhase section */
		6038FCC9206D0DCC000E78B9 /* Sources */ = {
			isa = PBXSourcesBuildPhase;
			buildActionMask = 2147483647;
			files = (
				6038FD05206D3928000E78B9 /* TvShowDetailViewController.swift in Sources */,
				6038FD03206D20C7000E78B9 /* TvShow.swift in Sources */,
				6038FCD3206D0DCC000E78B9 /* TvShowListViewController.swift in Sources */,
				60F992E42073B50C0097863C /* SettingsViewController.swift in Sources */,
				604F53592073BD60000CCAD4 /* ColorUIViewController.swift in Sources */,
				6038FCD1206D0DCC000E78B9 /* AppDelegate.swift in Sources */,
			);
			runOnlyForDeploymentPostprocessing = 0;
		};
		6038FCDD206D0DCC000E78B9 /* Sources */ = {
			isa = PBXSourcesBuildPhase;
			buildActionMask = 2147483647;
			files = (
				6038FCE6206D0DCD000E78B9 /* Eindopdracht_MBD2Tests.swift in Sources */,
			);
			runOnlyForDeploymentPostprocessing = 0;
		};
		6038FCE8206D0DCD000E78B9 /* Sources */ = {
			isa = PBXSourcesBuildPhase;
			buildActionMask = 2147483647;
			files = (
				6038FCF1206D0DCD000E78B9 /* Eindopdracht_MBD2UITests.swift in Sources */,
			);
			runOnlyForDeploymentPostprocessing = 0;
		};
/* End PBXSourcesBuildPhase section */

/* Begin PBXTargetDependency section */
		6038FCE3206D0DCD000E78B9 /* PBXTargetDependency */ = {
			isa = PBXTargetDependency;
			target = 6038FCCC206D0DCC000E78B9 /* Eindopdracht-MBD2 */;
			targetProxy = 6038FCE2206D0DCD000E78B9 /* PBXContainerItemProxy */;
		};
		6038FCEE206D0DCD000E78B9 /* PBXTargetDependency */ = {
			isa = PBXTargetDependency;
			target = 6038FCCC206D0DCC000E78B9 /* Eindopdracht-MBD2 */;
			targetProxy = 6038FCED206D0DCD000E78B9 /* PBXContainerItemProxy */;
		};
/* End PBXTargetDependency section */

/* Begin PBXVariantGroup section */
		6038FCD4206D0DCC000E78B9 /* Main.storyboard */ = {
			isa = PBXVariantGroup;
			children = (
				6038FCD5206D0DCC000E78B9 /* Base */,
			);
			name = Main.storyboard;
			sourceTree = "<group>";
		};
		6038FCD9206D0DCC000E78B9 /* LaunchScreen.storyboard */ = {
			isa = PBXVariantGroup;
			children = (
				6038FCDA206D0DCC000E78B9 /* Base */,
			);
			name = LaunchScreen.storyboard;
			sourceTree = "<group>";
		};
/* End PBXVariantGroup section */

/* Begin XCBuildConfiguration section */
		6038FCF3206D0DCD000E78B9 /* Debug */ = {
			isa = XCBuildConfiguration;
			buildSettings = {
				ALWAYS_SEARCH_USER_PATHS = NO;
				CLANG_ANALYZER_NONNULL = YES;
				CLANG_ANALYZER_NUMBER_OBJECT_CONVERSION = YES_AGGRESSIVE;
				CLANG_CXX_LANGUAGE_STANDARD = "gnu++14";
				CLANG_CXX_LIBRARY = "libc++";
				CLANG_ENABLE_MODULES = YES;
				CLANG_ENABLE_OBJC_ARC = YES;
				CLANG_WARN_BLOCK_CAPTURE_AUTORELEASING = YES;
				CLANG_WARN_BOOL_CONVERSION = YES;
				CLANG_WARN_COMMA = YES;
				CLANG_WARN_CONSTANT_CONVERSION = YES;
				CLANG_WARN_DIRECT_OBJC_ISA_USAGE = YES_ERROR;
				CLANG_WARN_DOCUMENTATION_COMMENTS = YES;
				CLANG_WARN_EMPTY_BODY = YES;
				CLANG_WARN_ENUM_CONVERSION = YES;
				CLANG_WARN_INFINITE_RECURSION = YES;
				CLANG_WARN_INT_CONVERSION = YES;
				CLANG_WARN_NON_LITERAL_NULL_CONVERSION = YES;
				CLANG_WARN_OBJC_LITERAL_CONVERSION = YES;
				CLANG_WARN_OBJC_ROOT_CLASS = YES_ERROR;
				CLANG_WARN_RANGE_LOOP_ANALYSIS = YES;
				CLANG_WARN_STRICT_PROTOTYPES = YES;
				CLANG_WARN_SUSPICIOUS_MOVE = YES;
				CLANG_WARN_UNGUARDED_AVAILABILITY = YES_AGGRESSIVE;
				CLANG_WARN_UNREACHABLE_CODE = YES;
				CLANG_WARN__DUPLICATE_METHOD_MATCH = YES;
				CODE_SIGN_IDENTITY = "iPhone Developer";
				COPY_PHASE_STRIP = NO;
				DEBUG_INFORMATION_FORMAT = dwarf;
				ENABLE_STRICT_OBJC_MSGSEND = YES;
				ENABLE_TESTABILITY = YES;
				GCC_C_LANGUAGE_STANDARD = gnu11;
				GCC_DYNAMIC_NO_PIC = NO;
				GCC_NO_COMMON_BLOCKS = YES;
				GCC_OPTIMIZATION_LEVEL = 0;
				GCC_PREPROCESSOR_DEFINITIONS = (
					"DEBUG=1",
					"$(inherited)",
				);
				GCC_WARN_64_TO_32_BIT_CONVERSION = YES;
				GCC_WARN_ABOUT_RETURN_TYPE = YES_ERROR;
				GCC_WARN_UNDECLARED_SELECTOR = YES;
				GCC_WARN_UNINITIALIZED_AUTOS = YES_AGGRESSIVE;
				GCC_WARN_UNUSED_FUNCTION = YES;
				GCC_WARN_UNUSED_VARIABLE = YES;
				IPHONEOS_DEPLOYMENT_TARGET = 11.2;
				MTL_ENABLE_DEBUG_INFO = YES;
				ONLY_ACTIVE_ARCH = YES;
				SDKROOT = iphoneos;
				SWIFT_ACTIVE_COMPILATION_CONDITIONS = DEBUG;
				SWIFT_OPTIMIZATION_LEVEL = "-Onone";
			};
			name = Debug;
		};
		6038FCF4206D0DCD000E78B9 /* Release */ = {
			isa = XCBuildConfiguration;
			buildSettings = {
				ALWAYS_SEARCH_USER_PATHS = NO;
				CLANG_ANALYZER_NONNULL = YES;
				CLANG_ANALYZER_NUMBER_OBJECT_CONVERSION = YES_AGGRESSIVE;
				CLANG_CXX_LANGUAGE_STANDARD = "gnu++14";
				CLANG_CXX_LIBRARY = "libc++";
				CLANG_ENABLE_MODULES = YES;
				CLANG_ENABLE_OBJC_ARC = YES;
				CLANG_WARN_BLOCK_CAPTURE_AUTORELEASING = YES;
				CLANG_WARN_BOOL_CONVERSION = YES;
				CLANG_WARN_COMMA = YES;
				CLANG_WARN_CONSTANT_CONVERSION = YES;
				CLANG_WARN_DIRECT_OBJC_ISA_USAGE = YES_ERROR;
				CLANG_WARN_DOCUMENTATION_COMMENTS = YES;
				CLANG_WARN_EMPTY_BODY = YES;
				CLANG_WARN_ENUM_CONVERSION = YES;
				CLANG_WARN_INFINITE_RECURSION = YES;
				CLANG_WARN_INT_CONVERSION = YES;
				CLANG_WARN_NON_LITERAL_NULL_CONVERSION = YES;
				CLANG_WARN_OBJC_LITERAL_CONVERSION = YES;
				CLANG_WARN_OBJC_ROOT_CLASS = YES_ERROR;
				CLANG_WARN_RANGE_LOOP_ANALYSIS = YES;
				CLANG_WARN_STRICT_PROTOTYPES = YES;
				CLANG_WARN_SUSPICIOUS_MOVE = YES;
				CLANG_WARN_UNGUARDED_AVAILABILITY = YES_AGGRESSIVE;
				CLANG_WARN_UNREACHABLE_CODE = YES;
				CLANG_WARN__DUPLICATE_METHOD_MATCH = YES;
				CODE_SIGN_IDENTITY = "iPhone Developer";
				COPY_PHASE_STRIP = NO;
				DEBUG_INFORMATION_FORMAT = "dwarf-with-dsym";
				ENABLE_NS_ASSERTIONS = NO;
				ENABLE_STRICT_OBJC_MSGSEND = YES;
				GCC_C_LANGUAGE_STANDARD = gnu11;
				GCC_NO_COMMON_BLOCKS = YES;
				GCC_WARN_64_TO_32_BIT_CONVERSION = YES;
				GCC_WARN_ABOUT_RETURN_TYPE = YES_ERROR;
				GCC_WARN_UNDECLARED_SELECTOR = YES;
				GCC_WARN_UNINITIALIZED_AUTOS = YES_AGGRESSIVE;
				GCC_WARN_UNUSED_FUNCTION = YES;
				GCC_WARN_UNUSED_VARIABLE = YES;
				IPHONEOS_DEPLOYMENT_TARGET = 11.2;
				MTL_ENABLE_DEBUG_INFO = NO;
				SDKROOT = iphoneos;
				SWIFT_OPTIMIZATION_LEVEL = "-Owholemodule";
				VALIDATE_PRODUCT = YES;
			};
			name = Release;
		};
		6038FCF6206D0DCD000E78B9 /* Debug */ = {
			isa = XCBuildConfiguration;
			buildSettings = {
				ASSETCATALOG_COMPILER_APPICON_NAME = AppIcon;
				CODE_SIGN_STYLE = Automatic;
				INFOPLIST_FILE = "Eindopdracht-MBD2/Info.plist";
				LD_RUNPATH_SEARCH_PATHS = "$(inherited) @executable_path/Frameworks";
				PRODUCT_BUNDLE_IDENTIFIER = "avans.Eindopdracht-MBD2";
				PRODUCT_NAME = "$(TARGET_NAME)";
				SWIFT_VERSION = 4.0;
				TARGETED_DEVICE_FAMILY = "1,2";
			};
			name = Debug;
		};
		6038FCF7206D0DCD000E78B9 /* Release */ = {
			isa = XCBuildConfiguration;
			buildSettings = {
				ASSETCATALOG_COMPILER_APPICON_NAME = AppIcon;
				CODE_SIGN_STYLE = Automatic;
				INFOPLIST_FILE = "Eindopdracht-MBD2/Info.plist";
				LD_RUNPATH_SEARCH_PATHS = "$(inherited) @executable_path/Frameworks";
				PRODUCT_BUNDLE_IDENTIFIER = "avans.Eindopdracht-MBD2";
				PRODUCT_NAME = "$(TARGET_NAME)";
				SWIFT_VERSION = 4.0;
				TARGETED_DEVICE_FAMILY = "1,2";
			};
			name = Release;
		};
		6038FCF9206D0DCD000E78B9 /* Debug */ = {
			isa = XCBuildConfiguration;
			buildSettings = {
				ALWAYS_EMBED_SWIFT_STANDARD_LIBRARIES = YES;
				BUNDLE_LOADER = "$(TEST_HOST)";
				CODE_SIGN_STYLE = Automatic;
				INFOPLIST_FILE = "Eindopdracht-MBD2Tests/Info.plist";
				LD_RUNPATH_SEARCH_PATHS = "$(inherited) @executable_path/Frameworks @loader_path/Frameworks";
				PRODUCT_BUNDLE_IDENTIFIER = "avans.Eindopdracht-MBD2Tests";
				PRODUCT_NAME = "$(TARGET_NAME)";
				SWIFT_VERSION = 4.0;
				TARGETED_DEVICE_FAMILY = "1,2";
				TEST_HOST = "$(BUILT_PRODUCTS_DIR)/Eindopdracht-MBD2.app/Eindopdracht-MBD2";
			};
			name = Debug;
		};
		6038FCFA206D0DCD000E78B9 /* Release */ = {
			isa = XCBuildConfiguration;
			buildSettings = {
				ALWAYS_EMBED_SWIFT_STANDARD_LIBRARIES = YES;
				BUNDLE_LOADER = "$(TEST_HOST)";
				CODE_SIGN_STYLE = Automatic;
				INFOPLIST_FILE = "Eindopdracht-MBD2Tests/Info.plist";
				LD_RUNPATH_SEARCH_PATHS = "$(inherited) @executable_path/Frameworks @loader_path/Frameworks";
				PRODUCT_BUNDLE_IDENTIFIER = "avans.Eindopdracht-MBD2Tests";
				PRODUCT_NAME = "$(TARGET_NAME)";
				SWIFT_VERSION = 4.0;
				TARGETED_DEVICE_FAMILY = "1,2";
				TEST_HOST = "$(BUILT_PRODUCTS_DIR)/Eindopdracht-MBD2.app/Eindopdracht-MBD2";
			};
			name = Release;
		};
		6038FCFC206D0DCD000E78B9 /* Debug */ = {
			isa = XCBuildConfiguration;
			buildSettings = {
				ALWAYS_EMBED_SWIFT_STANDARD_LIBRARIES = YES;
				CODE_SIGN_STYLE = Automatic;
				INFOPLIST_FILE = "Eindopdracht-MBD2UITests/Info.plist";
				LD_RUNPATH_SEARCH_PATHS = "$(inherited) @executable_path/Frameworks @loader_path/Frameworks";
				PRODUCT_BUNDLE_IDENTIFIER = "avans.Eindopdracht-MBD2UITests";
				PRODUCT_NAME = "$(TARGET_NAME)";
				SWIFT_VERSION = 4.0;
				TARGETED_DEVICE_FAMILY = "1,2";
				TEST_TARGET_NAME = "Eindopdracht-MBD2";
			};
			name = Debug;
		};
		6038FCFD206D0DCD000E78B9 /* Release */ = {
			isa = XCBuildConfiguration;
			buildSettings = {
				ALWAYS_EMBED_SWIFT_STANDARD_LIBRARIES = YES;
				CODE_SIGN_STYLE = Automatic;
				INFOPLIST_FILE = "Eindopdracht-MBD2UITests/Info.plist";
				LD_RUNPATH_SEARCH_PATHS = "$(inherited) @executable_path/Frameworks @loader_path/Frameworks";
				PRODUCT_BUNDLE_IDENTIFIER = "avans.Eindopdracht-MBD2UITests";
				PRODUCT_NAME = "$(TARGET_NAME)";
				SWIFT_VERSION = 4.0;
				TARGETED_DEVICE_FAMILY = "1,2";
				TEST_TARGET_NAME = "Eindopdracht-MBD2";
			};
			name = Release;
		};
/* End XCBuildConfiguration section */

/* Begin XCConfigurationList section */
		6038FCC8206D0DCC000E78B9 /* Build configuration list for PBXProject "Eindopdracht-MBD2" */ = {
			isa = XCConfigurationList;
			buildConfigurations = (
				6038FCF3206D0DCD000E78B9 /* Debug */,
				6038FCF4206D0DCD000E78B9 /* Release */,
			);
			defaultConfigurationIsVisible = 0;
			defaultConfigurationName = Release;
		};
		6038FCF5206D0DCD000E78B9 /* Build configuration list for PBXNativeTarget "Eindopdracht-MBD2" */ = {
			isa = XCConfigurationList;
			buildConfigurations = (
				6038FCF6206D0DCD000E78B9 /* Debug */,
				6038FCF7206D0DCD000E78B9 /* Release */,
			);
			defaultConfigurationIsVisible = 0;
			defaultConfigurationName = Release;
		};
		6038FCF8206D0DCD000E78B9 /* Build configuration list for PBXNativeTarget "Eindopdracht-MBD2Tests" */ = {
			isa = XCConfigurationList;
			buildConfigurations = (
				6038FCF9206D0DCD000E78B9 /* Debug */,
				6038FCFA206D0DCD000E78B9 /* Release */,
			);
			defaultConfigurationIsVisible = 0;
			defaultConfigurationName = Release;
		};
		6038FCFB206D0DCD000E78B9 /* Build configuration list for PBXNativeTarget "Eindopdracht-MBD2UITests" */ = {
			isa = XCConfigurationList;
			buildConfigurations = (
				6038FCFC206D0DCD000E78B9 /* Debug */,
				6038FCFD206D0DCD000E78B9 /* Release */,
			);
			defaultConfigurationIsVisible = 0;
			defaultConfigurationName = Release;
		};
/* End XCConfigurationList section */
	};
	rootObject = 6038FCC5206D0DCC000E78B9 /* Project object */;
}
